
Microsoft Visual Studio Solution File, Format Version 12.00
# Visual Studio Version 16
VisualStudioVersion = 16.0.29911.84
MinimumVisualStudioVersion = 10.0.40219.1
Project("{9A19103F-16F7-4668-BE54-9A1E7A4F7556}") = "DBModels", "DBModels\DBModels.csproj", "{9CFB9224-4348-497D-ABAE-941E2189B32C}"
EndProject
Project("{9A19103F-16F7-4668-BE54-9A1E7A4F7556}") = "WebERP", "WebERP\WebERP.csproj", "{255D055A-1971-4779-8C04-CDC99E8ADD46}"
EndProject
Project("{9A19103F-16F7-4668-BE54-9A1E7A4F7556}") = "ERPConsole", "ERPConsole\ERPConsole.csproj", "{761CDF25-AE73-499C-8B87-B715FA53FD8D}"
EndProject
Project("{FAE04EC0-301F-11D3-BF4B-00C04F79EFBC}") = "ERPTest", "ERPTest\ERPTest.csproj", "{9F1C56D5-4383-45F2-B437-E879B1D59527}"
EndProject
Global
	GlobalSection(SolutionConfigurationPlatforms) = preSolution
		Debug|Any CPU = Debug|Any CPU
		Release|Any CPU = Release|Any CPU
	EndGlobalSection
	GlobalSection(ProjectConfigurationPlatforms) = postSolution
		{9CFB9224-4348-497D-ABAE-941E2189B32C}.Debug|Any CPU.ActiveCfg = Debug|Any CPU
		{9CFB9224-4348-497D-ABAE-941E2189B32C}.Debug|Any CPU.Build.0 = Debug|Any CPU
		{9CFB9224-4348-497D-ABAE-941E2189B32C}.Release|Any CPU.ActiveCfg = Release|Any CPU
		{9CFB9224-4348-497D-ABAE-941E2189B32C}.Release|Any CPU.Build.0 = Release|Any CPU
		{255D055A-1971-4779-8C04-CDC99E8ADD46}.Debug|Any CPU.ActiveCfg = Debug|Any CPU
		{255D055A-1971-4779-8C04-CDC99E8ADD46}.Debug|Any CPU.Build.0 = Debug|Any CPU
		{255D055A-1971-4779-8C04-CDC99E8ADD46}.Release|Any CPU.ActiveCfg = Release|Any CPU
		{255D055A-1971-4779-8C04-CDC99E8ADD46}.Release|Any CPU.Build.0 = Release|Any CPU
		{761CDF25-AE73-499C-8B87-B715FA53FD8D}.Debug|Any CPU.ActiveCfg = Debug|Any CPU
		{761CDF25-AE73-499C-8B87-B715FA53FD8D}.Debug|Any CPU.Build.0 = Debug|Any CPU
		{761CDF25-AE73-499C-8B87-B715FA53FD8D}.Release|Any CPU.ActiveCfg = Release|Any CPU
		{761CDF25-AE73-499C-8B87-B715FA53FD8D}.Release|Any CPU.Build.0 = Release|Any CPU
		{9F1C56D5-4383-45F2-B437-E879B1D59527}.Debug|Any CPU.ActiveCfg = Debug|Any CPU
		{9F1C56D5-4383-45F2-B437-E879B1D59527}.Debug|Any CPU.Build.0 = Debug|Any CPU
		{9F1C56D5-4383-45F2-B437-E879B1D59527}.Release|Any CPU.ActiveCfg = Release|Any CPU
		{9F1C56D5-4383-45F2-B437-E879B1D59527}.Release|Any CPU.Build.0 = Release|Any CPU
	EndGlobalSection
	GlobalSection(SolutionProperties) = preSolution
		HideSolutionNode = FALSE
	EndGlobalSection
	GlobalSection(ExtensibilityGlobals) = postSolution
		SolutionGuid = {615A8E98-80D7-40BD-96E5-52A9E1DD86E3}
	EndGlobalSection
EndGlobal
